
Microsoft Visual Studio Solution File, Format Version 12.00
# Visual Studio Version 17
VisualStudioVersion = 17.0.31903.59
MinimumVisualStudioVersion = 10.0.40219.1
Project("{9A19103F-16F7-4668-BE54-9A1E7A4F7556}") = "DominandoEFCore", "DominandoEFCore.csproj", "{19B0A8A2-E19D-460B-ADBD-EDBC70DEC6C0}"
EndProject
Global
	GlobalSection(SolutionConfigurationPlatforms) = preSolution
		Debug|Any CPU = Debug|Any CPU
		Release|Any CPU = Release|Any CPU
	EndGlobalSection
	GlobalSection(ProjectConfigurationPlatforms) = postSolution
		{19B0A8A2-E19D-460B-ADBD-EDBC70DEC6C0}.Debug|Any CPU.ActiveCfg = Debug|Any CPU
		{19B0A8A2-E19D-460B-ADBD-EDBC70DEC6C0}.Debug|Any CPU.Build.0 = Debug|Any CPU
		{19B0A8A2-E19D-460B-ADBD-EDBC70DEC6C0}.Release|Any CPU.ActiveCfg = Release|Any CPU
		{19B0A8A2-E19D-460B-ADBD-EDBC70DEC6C0}.Release|Any CPU.Build.0 = Release|Any CPU
	EndGlobalSection
	GlobalSection(SolutionProperties) = preSolution
		HideSolutionNode = FALSE
	EndGlobalSection
	GlobalSection(ExtensibilityGlobals) = postSolution
		SolutionGuid = {90A8AEC1-03CF-4399-A500-01AF40941DE3}
	EndGlobalSection
EndGlobal
